
Microsoft Visual Studio Solution File, Format Version 12.00
# Visual Studio Version 17
VisualStudioVersion = 17.14.36429.23 d17.14
MinimumVisualStudioVersion = 10.0.40219.1
Project("{FAE04EC0-301F-11D3-BF4B-00C04F79EFBC}") = "Kargar", "Kargar\Kargar.csproj", "{98D18684-5D18-4382-B870-0D0BE3869CB9}"
EndProject
Global
	GlobalSection(SolutionConfigurationPlatforms) = preSolution
		Debug|Any CPU = Debug|Any CPU
		Release|Any CPU = Release|Any CPU
	EndGlobalSection
	GlobalSection(ProjectConfigurationPlatforms) = postSolution
		{98D18684-5D18-4382-B870-0D0BE3869CB9}.Debug|Any CPU.ActiveCfg = Debug|Any CPU
		{98D18684-5D18-4382-B870-0D0BE3869CB9}.Debug|Any CPU.Build.0 = Debug|Any CPU
		{98D18684-5D18-4382-B870-0D0BE3869CB9}.Release|Any CPU.ActiveCfg = Release|Any CPU
		{98D18684-5D18-4382-B870-0D0BE3869CB9}.Release|Any CPU.Build.0 = Release|Any CPU
	EndGlobalSection
	GlobalSection(SolutionProperties) = preSolution
		HideSolutionNode = FALSE
	EndGlobalSection
	GlobalSection(ExtensibilityGlobals) = postSolution
		SolutionGuid = {5D9F4839-454F-49BC-A12F-B5EE41B454B6}
	EndGlobalSection
EndGlobal
